
Microsoft Visual Studio Solution File, Format Version 12.00
# Visual Studio 15
VisualStudioVersion = 15.0.27004.2006
MinimumVisualStudioVersion = 10.0.40219.1
Project("{FAE04EC0-301F-11D3-BF4B-00C04F79EFBC}") = "People", "People\People.csproj", "{3A3DF418-6EAD-4AD8-8087-E66153BD2602}"
EndProject
Global
	GlobalSection(SolutionConfigurationPlatforms) = preSolution
		Debug|Any CPU = Debug|Any CPU
		Release|Any CPU = Release|Any CPU
	EndGlobalSection
	GlobalSection(ProjectConfigurationPlatforms) = postSolution
		{3A3DF418-6EAD-4AD8-8087-E66153BD2602}.Debug|Any CPU.ActiveCfg = Debug|Any CPU
		{3A3DF418-6EAD-4AD8-8087-E66153BD2602}.Debug|Any CPU.Build.0 = Debug|Any CPU
		{3A3DF418-6EAD-4AD8-8087-E66153BD2602}.Release|Any CPU.ActiveCfg = Release|Any CPU
		{3A3DF418-6EAD-4AD8-8087-E66153BD2602}.Release|Any CPU.Build.0 = Release|Any CPU
	EndGlobalSection
	GlobalSection(SolutionProperties) = preSolution
		HideSolutionNode = FALSE
	EndGlobalSection
	GlobalSection(ExtensibilityGlobals) = postSolution
		SolutionGuid = {21D42475-2836-4136-919D-04E231EB38B0}
	EndGlobalSection
EndGlobal
